
Microsoft Visual Studio Solution File, Format Version 12.00
# Visual Studio Version 16
VisualStudioVersion = 16.0.810.15
MinimumVisualStudioVersion = 10.0.40219.1
Project("{FAE04EC0-301F-11D3-BF4B-00C04F79EFBC}") = "DoggyCare", "DoggyCare.csproj", "{474794A7-4302-48E3-928E-BDC84D9A236D}"
EndProject
Global
	GlobalSection(SolutionConfigurationPlatforms) = preSolution
		Debug|Any CPU = Debug|Any CPU
		Release|Any CPU = Release|Any CPU
	EndGlobalSection
	GlobalSection(ProjectConfigurationPlatforms) = postSolution
		{474794A7-4302-48E3-928E-BDC84D9A236D}.Debug|Any CPU.ActiveCfg = Debug|Any CPU
		{474794A7-4302-48E3-928E-BDC84D9A236D}.Debug|Any CPU.Build.0 = Debug|Any CPU
		{474794A7-4302-48E3-928E-BDC84D9A236D}.Release|Any CPU.ActiveCfg = Release|Any CPU
		{474794A7-4302-48E3-928E-BDC84D9A236D}.Release|Any CPU.Build.0 = Release|Any CPU
	EndGlobalSection
	GlobalSection(SolutionProperties) = preSolution
		HideSolutionNode = FALSE
	EndGlobalSection
	GlobalSection(ExtensibilityGlobals) = postSolution
		SolutionGuid = {E877C18E-67C3-4D88-AA33-07F8E28195DD}
	EndGlobalSection
EndGlobal
